
Microsoft Visual Studio Solution File, Format Version 12.00
# Visual Studio 15
VisualStudioVersion = 15.0.28307.102
MinimumVisualStudioVersion = 10.0.40219.1
Project("{FAE04EC0-301F-11D3-BF4B-00C04F79EFBC}") = "MDB-RS232-Test", "MDB-RS232-Test\MDB-RS232-Test.csproj", "{949B8FFF-E6A7-4274-9D56-63EBF9DA17BE}"
EndProject
Project("{FAE04EC0-301F-11D3-BF4B-00C04F79EFBC}") = "MDBLib", "MDBLib\MDBLib.csproj", "{81EABEF0-A5B1-4F01-9C14-C888B31651B4}"
EndProject
Project("{FAE04EC0-301F-11D3-BF4B-00C04F79EFBC}") = "MDBLib_Example", "MDBLib_Example\MDBLib_Example.csproj", "{5CD4D793-3A94-4584-9A8A-3AA7351F0E65}"
EndProject
Global
	GlobalSection(SolutionConfigurationPlatforms) = preSolution
		Debug|Any CPU = Debug|Any CPU
		Debug|ARM = Debug|ARM
		Debug|ARM64 = Debug|ARM64
		Debug|x64 = Debug|x64
		Debug|x86 = Debug|x86
		Release|Any CPU = Release|Any CPU
		Release|ARM = Release|ARM
		Release|ARM64 = Release|ARM64
		Release|x64 = Release|x64
		Release|x86 = Release|x86
	EndGlobalSection
	GlobalSection(ProjectConfigurationPlatforms) = postSolution
		{949B8FFF-E6A7-4274-9D56-63EBF9DA17BE}.Debug|Any CPU.ActiveCfg = Debug|Any CPU
		{949B8FFF-E6A7-4274-9D56-63EBF9DA17BE}.Debug|Any CPU.Build.0 = Debug|Any CPU
		{949B8FFF-E6A7-4274-9D56-63EBF9DA17BE}.Debug|ARM.ActiveCfg = Debug|Any CPU
		{949B8FFF-E6A7-4274-9D56-63EBF9DA17BE}.Debug|ARM.Build.0 = Debug|Any CPU
		{949B8FFF-E6A7-4274-9D56-63EBF9DA17BE}.Debug|ARM64.ActiveCfg = Debug|Any CPU
		{949B8FFF-E6A7-4274-9D56-63EBF9DA17BE}.Debug|ARM64.Build.0 = Debug|Any CPU
		{949B8FFF-E6A7-4274-9D56-63EBF9DA17BE}.Debug|x64.ActiveCfg = Debug|Any CPU
		{949B8FFF-E6A7-4274-9D56-63EBF9DA17BE}.Debug|x64.Build.0 = Debug|Any CPU
		{949B8FFF-E6A7-4274-9D56-63EBF9DA17BE}.Debug|x86.ActiveCfg = Debug|Any CPU
		{949B8FFF-E6A7-4274-9D56-63EBF9DA17BE}.Debug|x86.Build.0 = Debug|Any CPU
		{949B8FFF-E6A7-4274-9D56-63EBF9DA17BE}.Release|Any CPU.ActiveCfg = Release|Any CPU
		{949B8FFF-E6A7-4274-9D56-63EBF9DA17BE}.Release|Any CPU.Build.0 = Release|Any CPU
		{949B8FFF-E6A7-4274-9D56-63EBF9DA17BE}.Release|ARM.ActiveCfg = Release|Any CPU
		{949B8FFF-E6A7-4274-9D56-63EBF9DA17BE}.Release|ARM.Build.0 = Release|Any CPU
		{949B8FFF-E6A7-4274-9D56-63EBF9DA17BE}.Release|ARM64.ActiveCfg = Release|Any CPU
		{949B8FFF-E6A7-4274-9D56-63EBF9DA17BE}.Release|ARM64.Build.0 = Release|Any CPU
		{949B8FFF-E6A7-4274-9D56-63EBF9DA17BE}.Release|x64.ActiveCfg = Release|Any CPU
		{949B8FFF-E6A7-4274-9D56-63EBF9DA17BE}.Release|x64.Build.0 = Release|Any CPU
		{949B8FFF-E6A7-4274-9D56-63EBF9DA17BE}.Release|x86.ActiveCfg = Release|Any CPU
		{949B8FFF-E6A7-4274-9D56-63EBF9DA17BE}.Release|x86.Build.0 = Release|Any CPU
		{81EABEF0-A5B1-4F01-9C14-C888B31651B4}.Debug|Any CPU.ActiveCfg = Debug|Any CPU
		{81EABEF0-A5B1-4F01-9C14-C888B31651B4}.Debug|Any CPU.Build.0 = Debug|Any CPU
		{81EABEF0-A5B1-4F01-9C14-C888B31651B4}.Debug|ARM.ActiveCfg = Debug|ARM
		{81EABEF0-A5B1-4F01-9C14-C888B31651B4}.Debug|ARM.Build.0 = Debug|ARM
		{81EABEF0-A5B1-4F01-9C14-C888B31651B4}.Debug|ARM64.ActiveCfg = Debug|ARM64
		{81EABEF0-A5B1-4F01-9C14-C888B31651B4}.Debug|ARM64.Build.0 = Debug|ARM64
		{81EABEF0-A5B1-4F01-9C14-C888B31651B4}.Debug|x64.ActiveCfg = Debug|x64
		{81EABEF0-A5B1-4F01-9C14-C888B31651B4}.Debug|x64.Build.0 = Debug|x64
		{81EABEF0-A5B1-4F01-9C14-C888B31651B4}.Debug|x86.ActiveCfg = Debug|x86
		{81EABEF0-A5B1-4F01-9C14-C888B31651B4}.Debug|x86.Build.0 = Debug|x86
		{81EABEF0-A5B1-4F01-9C14-C888B31651B4}.Release|Any CPU.ActiveCfg = Release|Any CPU
		{81EABEF0-A5B1-4F01-9C14-C888B31651B4}.Release|Any CPU.Build.0 = Release|Any CPU
		{81EABEF0-A5B1-4F01-9C14-C888B31651B4}.Release|ARM.ActiveCfg = Release|ARM
		{81EABEF0-A5B1-4F01-9C14-C888B31651B4}.Release|ARM.Build.0 = Release|ARM
		{81EABEF0-A5B1-4F01-9C14-C888B31651B4}.Release|ARM64.ActiveCfg = Release|ARM64
		{81EABEF0-A5B1-4F01-9C14-C888B31651B4}.Release|ARM64.Build.0 = Release|ARM64
		{81EABEF0-A5B1-4F01-9C14-C888B31651B4}.Release|x64.ActiveCfg = Release|x64
		{81EABEF0-A5B1-4F01-9C14-C888B31651B4}.Release|x64.Build.0 = Release|x64
		{81EABEF0-A5B1-4F01-9C14-C888B31651B4}.Release|x86.ActiveCfg = Release|x86
		{81EABEF0-A5B1-4F01-9C14-C888B31651B4}.Release|x86.Build.0 = Release|x86
		{5CD4D793-3A94-4584-9A8A-3AA7351F0E65}.Debug|Any CPU.ActiveCfg = Debug|x86
		{5CD4D793-3A94-4584-9A8A-3AA7351F0E65}.Debug|ARM.ActiveCfg = Debug|ARM
		{5CD4D793-3A94-4584-9A8A-3AA7351F0E65}.Debug|ARM.Build.0 = Debug|ARM
		{5CD4D793-3A94-4584-9A8A-3AA7351F0E65}.Debug|ARM.Deploy.0 = Debug|ARM
		{5CD4D793-3A94-4584-9A8A-3AA7351F0E65}.Debug|ARM64.ActiveCfg = Debug|ARM64
		{5CD4D793-3A94-4584-9A8A-3AA7351F0E65}.Debug|ARM64.Build.0 = Debug|ARM64
		{5CD4D793-3A94-4584-9A8A-3AA7351F0E65}.Debug|ARM64.Deploy.0 = Debug|ARM64
		{5CD4D793-3A94-4584-9A8A-3AA7351F0E65}.Debug|x64.ActiveCfg = Debug|x64
		{5CD4D793-3A94-4584-9A8A-3AA7351F0E65}.Debug|x64.Build.0 = Debug|x64
		{5CD4D793-3A94-4584-9A8A-3AA7351F0E65}.Debug|x64.Deploy.0 = Debug|x64
		{5CD4D793-3A94-4584-9A8A-3AA7351F0E65}.Debug|x86.ActiveCfg = Debug|x86
		{5CD4D793-3A94-4584-9A8A-3AA7351F0E65}.Debug|x86.Build.0 = Debug|x86
		{5CD4D793-3A94-4584-9A8A-3AA7351F0E65}.Debug|x86.Deploy.0 = Debug|x86
		{5CD4D793-3A94-4584-9A8A-3AA7351F0E65}.Release|Any CPU.ActiveCfg = Release|x86
		{5CD4D793-3A94-4584-9A8A-3AA7351F0E65}.Release|ARM.ActiveCfg = Release|ARM
		{5CD4D793-3A94-4584-9A8A-3AA7351F0E65}.Release|ARM.Build.0 = Release|ARM
		{5CD4D793-3A94-4584-9A8A-3AA7351F0E65}.Release|ARM.Deploy.0 = Release|ARM
		{5CD4D793-3A94-4584-9A8A-3AA7351F0E65}.Release|ARM64.ActiveCfg = Release|ARM64
		{5CD4D793-3A94-4584-9A8A-3AA7351F0E65}.Release|ARM64.Build.0 = Release|ARM64
		{5CD4D793-3A94-4584-9A8A-3AA7351F0E65}.Release|ARM64.Deploy.0 = Release|ARM64
		{5CD4D793-3A94-4584-9A8A-3AA7351F0E65}.Release|x64.ActiveCfg = Release|x64
		{5CD4D793-3A94-4584-9A8A-3AA7351F0E65}.Release|x64.Build.0 = Release|x64
		{5CD4D793-3A94-4584-9A8A-3AA7351F0E65}.Release|x64.Deploy.0 = Release|x64
		{5CD4D793-3A94-4584-9A8A-3AA7351F0E65}.Release|x86.ActiveCfg = Release|x86
		{5CD4D793-3A94-4584-9A8A-3AA7351F0E65}.Release|x86.Build.0 = Release|x86
		{5CD4D793-3A94-4584-9A8A-3AA7351F0E65}.Release|x86.Deploy.0 = Release|x86
	EndGlobalSection
	GlobalSection(SolutionProperties) = preSolution
		HideSolutionNode = FALSE
	EndGlobalSection
	GlobalSection(ExtensibilityGlobals) = postSolution
		SolutionGuid = {4AA05A90-1EAA-440E-8544-9E585DDBC5CB}
	EndGlobalSection
EndGlobal
